
Microsoft Visual Studio Solution File, Format Version 12.00
# Visual Studio 15
VisualStudioVersion = 15.0.28307.421
MinimumVisualStudioVersion = 10.0.40219.1
Project("{FAE04EC0-301F-11D3-BF4B-00C04F79EFBC}") = "OdeToFood", "OdeToFood\OdeToFood.csproj", "{A256F131-6100-4A8D-B0F4-3F2A66DD499F}"
EndProject
Project("{FAE04EC0-301F-11D3-BF4B-00C04F79EFBC}") = "OdeToFood.Core", "OdeToFood.Core\OdeToFood.Core.csproj", "{BBB2135F-C224-4D79-B7D5-B7C6AF456FC7}"
EndProject
Project("{FAE04EC0-301F-11D3-BF4B-00C04F79EFBC}") = "OdeToFood.Data", "OdeToFood.Data\OdeToFood.Data.csproj", "{469C6232-EA48-4742-9552-0A14725D036E}"
EndProject
Global
	GlobalSection(SolutionConfigurationPlatforms) = preSolution
		Debug|Any CPU = Debug|Any CPU
		Release|Any CPU = Release|Any CPU
	EndGlobalSection
	GlobalSection(ProjectConfigurationPlatforms) = postSolution
		{A256F131-6100-4A8D-B0F4-3F2A66DD499F}.Debug|Any CPU.ActiveCfg = Debug|Any CPU
		{A256F131-6100-4A8D-B0F4-3F2A66DD499F}.Debug|Any CPU.Build.0 = Debug|Any CPU
		{A256F131-6100-4A8D-B0F4-3F2A66DD499F}.Release|Any CPU.ActiveCfg = Release|Any CPU
		{A256F131-6100-4A8D-B0F4-3F2A66DD499F}.Release|Any CPU.Build.0 = Release|Any CPU
		{BBB2135F-C224-4D79-B7D5-B7C6AF456FC7}.Debug|Any CPU.ActiveCfg = Debug|Any CPU
		{BBB2135F-C224-4D79-B7D5-B7C6AF456FC7}.Debug|Any CPU.Build.0 = Debug|Any CPU
		{BBB2135F-C224-4D79-B7D5-B7C6AF456FC7}.Release|Any CPU.ActiveCfg = Release|Any CPU
		{BBB2135F-C224-4D79-B7D5-B7C6AF456FC7}.Release|Any CPU.Build.0 = Release|Any CPU
		{469C6232-EA48-4742-9552-0A14725D036E}.Debug|Any CPU.ActiveCfg = Debug|Any CPU
		{469C6232-EA48-4742-9552-0A14725D036E}.Debug|Any CPU.Build.0 = Debug|Any CPU
		{469C6232-EA48-4742-9552-0A14725D036E}.Release|Any CPU.ActiveCfg = Release|Any CPU
		{469C6232-EA48-4742-9552-0A14725D036E}.Release|Any CPU.Build.0 = Release|Any CPU
	EndGlobalSection
	GlobalSection(SolutionProperties) = preSolution
		HideSolutionNode = FALSE
	EndGlobalSection
	GlobalSection(ExtensibilityGlobals) = postSolution
		SolutionGuid = {BE28CA2D-A65A-4CF5-B2A2-ECFBAE5EF158}
	EndGlobalSection
EndGlobal
